// !$*UTF8*$!
{
	archiveVersion = 1;
	classes = {
	};
	objectVersion = 50;
	objects = {

/* Begin PBXBuildFile section */
		53CFB748221E971100EFD786 /* AppDelegate.m in Sources */ = {isa = PBXBuildFile; fileRef = 53CFB747221E971100EFD786 /* AppDelegate.m */; };
		53CFB74E221E971100EFD786 /* Main.storyboard in Resources */ = {isa = PBXBuildFile; fileRef = 53CFB74C221E971100EFD786 /* Main.storyboard */; };
		53CFB750221E971300EFD786 /* Assets.xcassets in Resources */ = {isa = PBXBuildFile; fileRef = 53CFB74F221E971300EFD786 /* Assets.xcassets */; };
		53CFB753221E971300EFD786 /* LaunchScreen.storyboard in Resources */ = {isa = PBXBuildFile; fileRef = 53CFB751221E971300EFD786 /* LaunchScreen.storyboard */; };
		53CFB756221E971300EFD786 /* main.m in Sources */ = {isa = PBXBuildFile; fileRef = 53CFB755221E971300EFD786 /* main.m */; };
		53CFB775221EFB0A00EFD786 /* LHNavigationController.m in Sources */ = {isa = PBXBuildFile; fileRef = 53CFB774221EFB0A00EFD786 /* LHNavigationController.m */; };
		53CFB77A221F024F00EFD786 /* UIImage+JKColor.m in Sources */ = {isa = PBXBuildFile; fileRef = 53CFB779221F024F00EFD786 /* UIImage+JKColor.m */; };
		53CFB77D221F026D00EFD786 /* UIImage+JKOrientation.m in Sources */ = {isa = PBXBuildFile; fileRef = 53CFB77C221F026D00EFD786 /* UIImage+JKOrientation.m */; };
		53CFB780221F029F00EFD786 /* UIImage+JKRemoteSize.m in Sources */ = {isa = PBXBuildFile; fileRef = 53CFB77E221F029E00EFD786 /* UIImage+JKRemoteSize.m */; };
		53CFB783221F02B600EFD786 /* UIImage+JKBlur.m in Sources */ = {isa = PBXBuildFile; fileRef = 53CFB781221F02B600EFD786 /* UIImage+JKBlur.m */; };
		53CFB786221F02F100EFD786 /* UIView+JKToast.m in Sources */ = {isa = PBXBuildFile; fileRef = 53CFB784221F02F100EFD786 /* UIView+JKToast.m */; };
		53CFB789221F03A800EFD786 /* UIButton+JKSubmitting.m in Sources */ = {isa = PBXBuildFile; fileRef = 53CFB788221F03A800EFD786 /* UIButton+JKSubmitting.m */; };
		53CFB78E221F03E100EFD786 /* NSDate+JKUtilities.m in Sources */ = {isa = PBXBuildFile; fileRef = 53CFB78C221F03E100EFD786 /* NSDate+JKUtilities.m */; };
		53CFB78F221F03E100EFD786 /* NSDate+JKExtension.m in Sources */ = {isa = PBXBuildFile; fileRef = 53CFB78D221F03E100EFD786 /* NSDate+JKExtension.m */; };
		53CFB792221F03F200EFD786 /* NSDate+JKLunarCalendar.m in Sources */ = {isa = PBXBuildFile; fileRef = 53CFB791221F03F200EFD786 /* NSDate+JKLunarCalendar.m */; };
		53CFB795221F052B00EFD786 /* LHViewController.m in Sources */ = {isa = PBXBuildFile; fileRef = 53CFB794221F052B00EFD786 /* LHViewController.m */; };
		53CFB798221F8A1F00EFD786 /* LHInTheatersViewControlloer.m in Sources */ = {isa = PBXBuildFile; fileRef = 53CFB797221F8A1F00EFD786 /* LHInTheatersViewControlloer.m */; };
		53CFB79B221F8A5800EFD786 /* LHMainSearchViewController.m in Sources */ = {isa = PBXBuildFile; fileRef = 53CFB79A221F8A5800EFD786 /* LHMainSearchViewController.m */; };
		53CFB79E221F8AA100EFD786 /* LHMineViewController.m in Sources */ = {isa = PBXBuildFile; fileRef = 53CFB79D221F8AA100EFD786 /* LHMineViewController.m */; };
		53CFB7A1221F90A700EFD786 /* LHTabBarControllerConfig.m in Sources */ = {isa = PBXBuildFile; fileRef = 53CFB7A0221F90A700EFD786 /* LHTabBarControllerConfig.m */; };
		53CFB7A5221FCCB400EFD786 /* LHReaderViewController.m in Sources */ = {isa = PBXBuildFile; fileRef = 53CFB7A4221FCCB300EFD786 /* LHReaderViewController.m */; };
		53CFB7A9221FE31C00EFD786 /* LHMusicViewController.m in Sources */ = {isa = PBXBuildFile; fileRef = 53CFB7A8221FE31C00EFD786 /* LHMusicViewController.m */; };
		53CFB7AD221FFE1E00EFD786 /* LHReaderPlusBtn.m in Sources */ = {isa = PBXBuildFile; fileRef = 53CFB7AC221FFE1E00EFD786 /* LHReaderPlusBtn.m */; };
		53CFB7BF2226324400EFD786 /* LHMovieDetail.m in Sources */ = {isa = PBXBuildFile; fileRef = 53CFB7BE2226324400EFD786 /* LHMovieDetail.m */; };
		53CFB7C22226337200EFD786 /* LHSimpleMovie.m in Sources */ = {isa = PBXBuildFile; fileRef = 53CFB7C02226337200EFD786 /* LHSimpleMovie.m */; };
		53CFB7C82226348100EFD786 /* LHRating.m in Sources */ = {isa = PBXBuildFile; fileRef = 53CFB7C72226348100EFD786 /* LHRating.m */; };
		53CFB7CC22263AEA00EFD786 /* LHTableViewController.m in Sources */ = {isa = PBXBuildFile; fileRef = 53CFB7CB22263AEA00EFD786 /* LHTableViewController.m */; };
		53CFB7CF2226689000EFD786 /* LHView.m in Sources */ = {isa = PBXBuildFile; fileRef = 53CFB7CE2226689000EFD786 /* LHView.m */; };
		53CFB7D2222668A700EFD786 /* LHTableViewCell.m in Sources */ = {isa = PBXBuildFile; fileRef = 53CFB7D1222668A700EFD786 /* LHTableViewCell.m */; };
		53CFB7D522266C4700EFD786 /* UITableViewCell+selected.m in Sources */ = {isa = PBXBuildFile; fileRef = 53CFB7D422266C4600EFD786 /* UITableViewCell+selected.m */; };
		53CFB7D822266F9200EFD786 /* LHViewModel.m in Sources */ = {isa = PBXBuildFile; fileRef = 53CFB7D722266F9200EFD786 /* LHViewModel.m */; };
		53CFB7DB2226720C00EFD786 /* LHModel.m in Sources */ = {isa = PBXBuildFile; fileRef = 53CFB7DA2226720C00EFD786 /* LHModel.m */; };
		53CFB7DE2226759A00EFD786 /* NSArray+Log.m in Sources */ = {isa = PBXBuildFile; fileRef = 53CFB7DD2226759A00EFD786 /* NSArray+Log.m */; };
		53CFB7E12226765C00EFD786 /* NSDictionary+Log.m in Sources */ = {isa = PBXBuildFile; fileRef = 53CFB7E02226765C00EFD786 /* NSDictionary+Log.m */; };
		53CFB7EA222699C500EFD786 /* LHMovieList.m in Sources */ = {isa = PBXBuildFile; fileRef = 53CFB7E8222699C500EFD786 /* LHMovieList.m */; };
		53CFB7ED22269B3300EFD786 /* LHInTheatersViewModel.m in Sources */ = {isa = PBXBuildFile; fileRef = 53CFB7EC22269B3300EFD786 /* LHInTheatersViewModel.m */; };
		53CFB7F122269F0200EFD786 /* LHNetwork.m in Sources */ = {isa = PBXBuildFile; fileRef = 53CFB7F022269F0200EFD786 /* LHNetwork.m */; };
		53CFB7F42227740900EFD786 /* NSObject+ViewController.m in Sources */ = {isa = PBXBuildFile; fileRef = 53CFB7F32227740900EFD786 /* NSObject+ViewController.m */; };
		53CFB7F72227C7C900EFD786 /* LHInTheatersCell.m in Sources */ = {isa = PBXBuildFile; fileRef = 53CFB7F62227C7C900EFD786 /* LHInTheatersCell.m */; };
		53CFB7FB2227C7F600EFD786 /* LHComingSoonCell.m in Sources */ = {isa = PBXBuildFile; fileRef = 53CFB7FA2227C7F600EFD786 /* LHComingSoonCell.m */; };
		53CFB8072229176C00EFD786 /* HMSegmentedControl.m in Sources */ = {isa = PBXBuildFile; fileRef = 53CFB8062229176C00EFD786 /* HMSegmentedControl.m */; };
		53CFB80D2229424D00EFD786 /* DBWebViewController.m in Sources */ = {isa = PBXBuildFile; fileRef = 53CFB80B2229424D00EFD786 /* DBWebViewController.m */; };
		FB64C4EE7DFFDA29C706E0E4 /* libPods-DoubanMovie.a in Frameworks */ = {isa = PBXBuildFile; fileRef = 31AD508EF1DFFEA5B12BF788 /* libPods-DoubanMovie.a */; };
/* End PBXBuildFile section */

/* Begin PBXFileReference section */
		31AD508EF1DFFEA5B12BF788 /* libPods-DoubanMovie.a */ = {isa = PBXFileReference; explicitFileType = archive.ar; includeInIndex = 0; path = "libPods-DoubanMovie.a"; sourceTree = BUILT_PRODUCTS_DIR; };
		330BB965ABD1567CDC761C8A /* Pods-DoubanMovie.debug.xcconfig */ = {isa = PBXFileReference; includeInIndex = 1; lastKnownFileType = text.xcconfig; name = "Pods-DoubanMovie.debug.xcconfig"; path = "Pods/Target Support Files/Pods-DoubanMovie/Pods-DoubanMovie.debug.xcconfig"; sourceTree = "<group>"; };
		53CFB743221E971100EFD786 /* DoubanMovie.app */ = {isa = PBXFileReference; explicitFileType = wrapper.application; includeInIndex = 0; path = DoubanMovie.app; sourceTree = BUILT_PRODUCTS_DIR; };
		53CFB746221E971100EFD786 /* AppDelegate.h */ = {isa = PBXFileReference; lastKnownFileType = sourcecode.c.h; path = AppDelegate.h; sourceTree = "<group>"; };
		53CFB747221E971100EFD786 /* AppDelegate.m */ = {isa = PBXFileReference; lastKnownFileType = sourcecode.c.objc; path = AppDelegate.m; sourceTree = "<group>"; };
		53CFB74D221E971100EFD786 /* Base */ = {isa = PBXFileReference; lastKnownFileType = file.storyboard; name = Base; path = Base.lproj/Main.storyboard; sourceTree = "<group>"; };
		53CFB74F221E971300EFD786 /* Assets.xcassets */ = {isa = PBXFileReference; lastKnownFileType = folder.assetcatalog; path = Assets.xcassets; sourceTree = "<group>"; };
		53CFB752221E971300EFD786 /* Base */ = {isa = PBXFileReference; lastKnownFileType = file.storyboard; name = Base; path = Base.lproj/LaunchScreen.storyboard; sourceTree = "<group>"; };
		53CFB754221E971300EFD786 /* Info.plist */ = {isa = PBXFileReference; lastKnownFileType = text.plist.xml; path = Info.plist; sourceTree = "<group>"; };
		53CFB755221E971300EFD786 /* main.m */ = {isa = PBXFileReference; lastKnownFileType = sourcecode.c.objc; path = main.m; sourceTree = "<group>"; };
		53CFB768221EE0BB00EFD786 /* DoubanMovie.pch */ = {isa = PBXFileReference; lastKnownFileType = sourcecode.c.h; path = DoubanMovie.pch; sourceTree = "<group>"; };
		53CFB76F221EE43700EFD786 /* StaticSettings.h */ = {isa = PBXFileReference; lastKnownFileType = sourcecode.c.h; path = StaticSettings.h; sourceTree = "<group>"; };
		53CFB773221EFB0A00EFD786 /* LHNavigationController.h */ = {isa = PBXFileReference; lastKnownFileType = sourcecode.c.h; path = LHNavigationController.h; sourceTree = "<group>"; };
		53CFB774221EFB0A00EFD786 /* LHNavigationController.m */ = {isa = PBXFileReference; lastKnownFileType = sourcecode.c.objc; path = LHNavigationController.m; sourceTree = "<group>"; };
		53CFB778221F024F00EFD786 /* UIImage+JKColor.h */ = {isa = PBXFileReference; fileEncoding = 4; lastKnownFileType = sourcecode.c.h; path = "UIImage+JKColor.h"; sourceTree = "<group>"; };
		53CFB779221F024F00EFD786 /* UIImage+JKColor.m */ = {isa = PBXFileReference; fileEncoding = 4; lastKnownFileType = sourcecode.c.objc; path = "UIImage+JKColor.m"; sourceTree = "<group>"; };
		53CFB77B221F026D00EFD786 /* UIImage+JKOrientation.h */ = {isa = PBXFileReference; fileEncoding = 4; lastKnownFileType = sourcecode.c.h; path = "UIImage+JKOrientation.h"; sourceTree = "<group>"; };
		53CFB77C221F026D00EFD786 /* UIImage+JKOrientation.m */ = {isa = PBXFileReference; fileEncoding = 4; lastKnownFileType = sourcecode.c.objc; path = "UIImage+JKOrientation.m"; sourceTree = "<group>"; };
		53CFB77E221F029E00EFD786 /* UIImage+JKRemoteSize.m */ = {isa = PBXFileReference; fileEncoding = 4; lastKnownFileType = sourcecode.c.objc; path = "UIImage+JKRemoteSize.m"; sourceTree = "<group>"; };
		53CFB77F221F029E00EFD786 /* UIImage+JKRemoteSize.h */ = {isa = PBXFileReference; fileEncoding = 4; lastKnownFileType = sourcecode.c.h; path = "UIImage+JKRemoteSize.h"; sourceTree = "<group>"; };
		53CFB781221F02B600EFD786 /* UIImage+JKBlur.m */ = {isa = PBXFileReference; fileEncoding = 4; lastKnownFileType = sourcecode.c.objc; path = "UIImage+JKBlur.m"; sourceTree = "<group>"; };
		53CFB782221F02B600EFD786 /* UIImage+JKBlur.h */ = {isa = PBXFileReference; fileEncoding = 4; lastKnownFileType = sourcecode.c.h; path = "UIImage+JKBlur.h"; sourceTree = "<group>"; };
		53CFB784221F02F100EFD786 /* UIView+JKToast.m */ = {isa = PBXFileReference; fileEncoding = 4; lastKnownFileType = sourcecode.c.objc; path = "UIView+JKToast.m"; sourceTree = "<group>"; };
		53CFB785221F02F100EFD786 /* UIView+JKToast.h */ = {isa = PBXFileReference; fileEncoding = 4; lastKnownFileType = sourcecode.c.h; path = "UIView+JKToast.h"; sourceTree = "<group>"; };
		53CFB787221F03A800EFD786 /* UIButton+JKSubmitting.h */ = {isa = PBXFileReference; fileEncoding = 4; lastKnownFileType = sourcecode.c.h; path = "UIButton+JKSubmitting.h"; sourceTree = "<group>"; };
		53CFB788221F03A800EFD786 /* UIButton+JKSubmitting.m */ = {isa = PBXFileReference; fileEncoding = 4; lastKnownFileType = sourcecode.c.objc; path = "UIButton+JKSubmitting.m"; sourceTree = "<group>"; };
		53CFB78A221F03E000EFD786 /* NSDate+JKUtilities.h */ = {isa = PBXFileReference; fileEncoding = 4; lastKnownFileType = sourcecode.c.h; path = "NSDate+JKUtilities.h"; sourceTree = "<group>"; };
		53CFB78B221F03E000EFD786 /* NSDate+JKExtension.h */ = {isa = PBXFileReference; fileEncoding = 4; lastKnownFileType = sourcecode.c.h; path = "NSDate+JKExtension.h"; sourceTree = "<group>"; };
		53CFB78C221F03E100EFD786 /* NSDate+JKUtilities.m */ = {isa = PBXFileReference; fileEncoding = 4; lastKnownFileType = sourcecode.c.objc; path = "NSDate+JKUtilities.m"; sourceTree = "<group>"; };
		53CFB78D221F03E100EFD786 /* NSDate+JKExtension.m */ = {isa = PBXFileReference; fileEncoding = 4; lastKnownFileType = sourcecode.c.objc; path = "NSDate+JKExtension.m"; sourceTree = "<group>"; };
		53CFB790221F03F200EFD786 /* NSDate+JKLunarCalendar.h */ = {isa = PBXFileReference; fileEncoding = 4; lastKnownFileType = sourcecode.c.h; path = "NSDate+JKLunarCalendar.h"; sourceTree = "<group>"; };
		53CFB791221F03F200EFD786 /* NSDate+JKLunarCalendar.m */ = {isa = PBXFileReference; fileEncoding = 4; lastKnownFileType = sourcecode.c.objc; path = "NSDate+JKLunarCalendar.m"; sourceTree = "<group>"; };
		53CFB793221F052B00EFD786 /* LHViewController.h */ = {isa = PBXFileReference; lastKnownFileType = sourcecode.c.h; path = LHViewController.h; sourceTree = "<group>"; };
		53CFB794221F052B00EFD786 /* LHViewController.m */ = {isa = PBXFileReference; lastKnownFileType = sourcecode.c.objc; path = LHViewController.m; sourceTree = "<group>"; };
		53CFB796221F8A1F00EFD786 /* LHInTheatersViewControlloer.h */ = {isa = PBXFileReference; lastKnownFileType = sourcecode.c.h; path = LHInTheatersViewControlloer.h; sourceTree = "<group>"; };
		53CFB797221F8A1F00EFD786 /* LHInTheatersViewControlloer.m */ = {isa = PBXFileReference; lastKnownFileType = sourcecode.c.objc; path = LHInTheatersViewControlloer.m; sourceTree = "<group>"; };
		53CFB799221F8A5800EFD786 /* LHMainSearchViewController.h */ = {isa = PBXFileReference; lastKnownFileType = sourcecode.c.h; path = LHMainSearchViewController.h; sourceTree = "<group>"; };
		53CFB79A221F8A5800EFD786 /* LHMainSearchViewController.m */ = {isa = PBXFileReference; lastKnownFileType = sourcecode.c.objc; path = LHMainSearchViewController.m; sourceTree = "<group>"; };
		53CFB79C221F8AA100EFD786 /* LHMineViewController.h */ = {isa = PBXFileReference; lastKnownFileType = sourcecode.c.h; path = LHMineViewController.h; sourceTree = "<group>"; };
		53CFB79D221F8AA100EFD786 /* LHMineViewController.m */ = {isa = PBXFileReference; lastKnownFileType = sourcecode.c.objc; path = LHMineViewController.m; sourceTree = "<group>"; };
		53CFB79F221F90A700EFD786 /* LHTabBarControllerConfig.h */ = {isa = PBXFileReference; lastKnownFileType = sourcecode.c.h; path = LHTabBarControllerConfig.h; sourceTree = "<group>"; };
		53CFB7A0221F90A700EFD786 /* LHTabBarControllerConfig.m */ = {isa = PBXFileReference; lastKnownFileType = sourcecode.c.objc; path = LHTabBarControllerConfig.m; sourceTree = "<group>"; };
		53CFB7A3221FCCB300EFD786 /* LHReaderViewController.h */ = {isa = PBXFileReference; lastKnownFileType = sourcecode.c.h; path = LHReaderViewController.h; sourceTree = "<group>"; };
		53CFB7A4221FCCB300EFD786 /* LHReaderViewController.m */ = {isa = PBXFileReference; lastKnownFileType = sourcecode.c.objc; path = LHReaderViewController.m; sourceTree = "<group>"; };
		53CFB7A7221FE31C00EFD786 /* LHMusicViewController.h */ = {isa = PBXFileReference; lastKnownFileType = sourcecode.c.h; path = LHMusicViewController.h; sourceTree = "<group>"; };
		53CFB7A8221FE31C00EFD786 /* LHMusicViewController.m */ = {isa = PBXFileReference; lastKnownFileType = sourcecode.c.objc; path = LHMusicViewController.m; sourceTree = "<group>"; };
		53CFB7AB221FFE1E00EFD786 /* LHReaderPlusBtn.h */ = {isa = PBXFileReference; lastKnownFileType = sourcecode.c.h; path = LHReaderPlusBtn.h; sourceTree = "<group>"; };
		53CFB7AC221FFE1E00EFD786 /* LHReaderPlusBtn.m */ = {isa = PBXFileReference; lastKnownFileType = sourcecode.c.objc; path = LHReaderPlusBtn.m; sourceTree = "<group>"; };
		53CFB7BD2226324400EFD786 /* LHMovieDetail.h */ = {isa = PBXFileReference; fileEncoding = 4; lastKnownFileType = sourcecode.c.h; path = LHMovieDetail.h; sourceTree = "<group>"; };
		53CFB7BE2226324400EFD786 /* LHMovieDetail.m */ = {isa = PBXFileReference; fileEncoding = 4; lastKnownFileType = sourcecode.c.objc; path = LHMovieDetail.m; sourceTree = "<group>"; };
		53CFB7C02226337200EFD786 /* LHSimpleMovie.m */ = {isa = PBXFileReference; fileEncoding = 4; lastKnownFileType = sourcecode.c.objc; path = LHSimpleMovie.m; sourceTree = "<group>"; };
		53CFB7C12226337200EFD786 /* LHSimpleMovie.h */ = {isa = PBXFileReference; fileEncoding = 4; lastKnownFileType = sourcecode.c.h; path = LHSimpleMovie.h; sourceTree = "<group>"; };
		53CFB7C62226348100EFD786 /* LHRating.h */ = {isa = PBXFileReference; lastKnownFileType = sourcecode.c.h; path = LHRating.h; sourceTree = "<group>"; };
		53CFB7C72226348100EFD786 /* LHRating.m */ = {isa = PBXFileReference; lastKnownFileType = sourcecode.c.objc; path = LHRating.m; sourceTree = "<group>"; };
		53CFB7CA22263AEA00EFD786 /* LHTableViewController.h */ = {isa = PBXFileReference; lastKnownFileType = sourcecode.c.h; path = LHTableViewController.h; sourceTree = "<group>"; };
		53CFB7CB22263AEA00EFD786 /* LHTableViewController.m */ = {isa = PBXFileReference; lastKnownFileType = sourcecode.c.objc; path = LHTableViewController.m; sourceTree = "<group>"; };
		53CFB7CD2226689000EFD786 /* LHView.h */ = {isa = PBXFileReference; lastKnownFileType = sourcecode.c.h; path = LHView.h; sourceTree = "<group>"; };
		53CFB7CE2226689000EFD786 /* LHView.m */ = {isa = PBXFileReference; lastKnownFileType = sourcecode.c.objc; path = LHView.m; sourceTree = "<group>"; };
		53CFB7D0222668A700EFD786 /* LHTableViewCell.h */ = {isa = PBXFileReference; lastKnownFileType = sourcecode.c.h; path = LHTableViewCell.h; sourceTree = "<group>"; };
		53CFB7D1222668A700EFD786 /* LHTableViewCell.m */ = {isa = PBXFileReference; lastKnownFileType = sourcecode.c.objc; path = LHTableViewCell.m; sourceTree = "<group>"; };
		53CFB7D322266C4600EFD786 /* UITableViewCell+selected.h */ = {isa = PBXFileReference; fileEncoding = 4; lastKnownFileType = sourcecode.c.h; path = "UITableViewCell+selected.h"; sourceTree = "<group>"; };
		53CFB7D422266C4600EFD786 /* UITableViewCell+selected.m */ = {isa = PBXFileReference; fileEncoding = 4; lastKnownFileType = sourcecode.c.objc; path = "UITableViewCell+selected.m"; sourceTree = "<group>"; };
		53CFB7D622266F9200EFD786 /* LHViewModel.h */ = {isa = PBXFileReference; lastKnownFileType = sourcecode.c.h; path = LHViewModel.h; sourceTree = "<group>"; };
		53CFB7D722266F9200EFD786 /* LHViewModel.m */ = {isa = PBXFileReference; lastKnownFileType = sourcecode.c.objc; path = LHViewModel.m; sourceTree = "<group>"; };
		53CFB7D92226720C00EFD786 /* LHModel.h */ = {isa = PBXFileReference; lastKnownFileType = sourcecode.c.h; path = LHModel.h; sourceTree = "<group>"; };
		53CFB7DA2226720C00EFD786 /* LHModel.m */ = {isa = PBXFileReference; lastKnownFileType = sourcecode.c.objc; path = LHModel.m; sourceTree = "<group>"; };
		53CFB7DC2226759A00EFD786 /* NSArray+Log.h */ = {isa = PBXFileReference; lastKnownFileType = sourcecode.c.h; path = "NSArray+Log.h"; sourceTree = "<group>"; };
		53CFB7DD2226759A00EFD786 /* NSArray+Log.m */ = {isa = PBXFileReference; lastKnownFileType = sourcecode.c.objc; path = "NSArray+Log.m"; sourceTree = "<group>"; };
		53CFB7DF2226765C00EFD786 /* NSDictionary+Log.h */ = {isa = PBXFileReference; lastKnownFileType = sourcecode.c.h; path = "NSDictionary+Log.h"; sourceTree = "<group>"; };
		53CFB7E02226765C00EFD786 /* NSDictionary+Log.m */ = {isa = PBXFileReference; lastKnownFileType = sourcecode.c.objc; path = "NSDictionary+Log.m"; sourceTree = "<group>"; };
		53CFB7E8222699C500EFD786 /* LHMovieList.m */ = {isa = PBXFileReference; fileEncoding = 4; lastKnownFileType = sourcecode.c.objc; path = LHMovieList.m; sourceTree = "<group>"; };
		53CFB7E9222699C500EFD786 /* LHMovieList.h */ = {isa = PBXFileReference; fileEncoding = 4; lastKnownFileType = sourcecode.c.h; path = LHMovieList.h; sourceTree = "<group>"; };
		53CFB7EB22269B3300EFD786 /* LHInTheatersViewModel.h */ = {isa = PBXFileReference; lastKnownFileType = sourcecode.c.h; path = LHInTheatersViewModel.h; sourceTree = "<group>"; };
		53CFB7EC22269B3300EFD786 /* LHInTheatersViewModel.m */ = {isa = PBXFileReference; lastKnownFileType = sourcecode.c.objc; path = LHInTheatersViewModel.m; sourceTree = "<group>"; };
		53CFB7EF22269F0200EFD786 /* LHNetwork.h */ = {isa = PBXFileReference; lastKnownFileType = sourcecode.c.h; path = LHNetwork.h; sourceTree = "<group>"; };
		53CFB7F022269F0200EFD786 /* LHNetwork.m */ = {isa = PBXFileReference; lastKnownFileType = sourcecode.c.objc; path = LHNetwork.m; sourceTree = "<group>"; };
		53CFB7F22227740900EFD786 /* NSObject+ViewController.h */ = {isa = PBXFileReference; lastKnownFileType = sourcecode.c.h; path = "NSObject+ViewController.h"; sourceTree = "<group>"; };
		53CFB7F32227740900EFD786 /* NSObject+ViewController.m */ = {isa = PBXFileReference; lastKnownFileType = sourcecode.c.objc; path = "NSObject+ViewController.m"; sourceTree = "<group>"; };
		53CFB7F52227C7C900EFD786 /* LHInTheatersCell.h */ = {isa = PBXFileReference; lastKnownFileType = sourcecode.c.h; path = LHInTheatersCell.h; sourceTree = "<group>"; };
		53CFB7F62227C7C900EFD786 /* LHInTheatersCell.m */ = {isa = PBXFileReference; lastKnownFileType = sourcecode.c.objc; path = LHInTheatersCell.m; sourceTree = "<group>"; };
		53CFB7F92227C7F600EFD786 /* LHComingSoonCell.h */ = {isa = PBXFileReference; lastKnownFileType = sourcecode.c.h; path = LHComingSoonCell.h; sourceTree = "<group>"; };
		53CFB7FA2227C7F600EFD786 /* LHComingSoonCell.m */ = {isa = PBXFileReference; lastKnownFileType = sourcecode.c.objc; path = LHComingSoonCell.m; sourceTree = "<group>"; };
		53CFB8052229176C00EFD786 /* HMSegmentedControl.h */ = {isa = PBXFileReference; fileEncoding = 4; lastKnownFileType = sourcecode.c.h; path = HMSegmentedControl.h; sourceTree = "<group>"; };
		53CFB8062229176C00EFD786 /* HMSegmentedControl.m */ = {isa = PBXFileReference; fileEncoding = 4; lastKnownFileType = sourcecode.c.objc; path = HMSegmentedControl.m; sourceTree = "<group>"; };
		53CFB80B2229424D00EFD786 /* DBWebViewController.m */ = {isa = PBXFileReference; fileEncoding = 4; lastKnownFileType = sourcecode.c.objc; path = DBWebViewController.m; sourceTree = "<group>"; };
		53CFB80C2229424D00EFD786 /* DBWebViewController.h */ = {isa = PBXFileReference; fileEncoding = 4; lastKnownFileType = sourcecode.c.h; path = DBWebViewController.h; sourceTree = "<group>"; };
		8F936933B00D8E87310338CD /* Pods-DoubanMovie.release.xcconfig */ = {isa = PBXFileReference; includeInIndex = 1; lastKnownFileType = text.xcconfig; name = "Pods-DoubanMovie.release.xcconfig"; path = "Pods/Target Support Files/Pods-DoubanMovie/Pods-DoubanMovie.release.xcconfig"; sourceTree = "<group>"; };
/* End PBXFileReference section */

/* Begin PBXFrameworksBuildPhase section */
		53CFB740221E971100EFD786 /* Frameworks */ = {
			isa = PBXFrameworksBuildPhase;
			buildActionMask = 2147483647;
			files = (
				FB64C4EE7DFFDA29C706E0E4 /* libPods-DoubanMovie.a in Frameworks */,
			);
			runOnlyForDeploymentPostprocessing = 0;
		};
/* End PBXFrameworksBuildPhase section */

/* Begin PBXGroup section */
		4CAB3B63717C93E8D18C2E7C /* Frameworks */ = {
			isa = PBXGroup;
			children = (
				31AD508EF1DFFEA5B12BF788 /* libPods-DoubanMovie.a */,
			);
			name = Frameworks;
			sourceTree = "<group>";
		};
		53CFB73A221E971100EFD786 = {
			isa = PBXGroup;
			children = (
				53CFB745221E971100EFD786 /* DoubanMovie */,
				53CFB744221E971100EFD786 /* Products */,
				AF62BC7F841FFB5BF517EE89 /* Pods */,
				4CAB3B63717C93E8D18C2E7C /* Frameworks */,
			);
			sourceTree = "<group>";
		};
		53CFB744221E971100EFD786 /* Products */ = {
			isa = PBXGroup;
			children = (
				53CFB743221E971100EFD786 /* DoubanMovie.app */,
			);
			name = Products;
			sourceTree = "<group>";
		};
		53CFB745221E971100EFD786 /* DoubanMovie */ = {
			isa = PBXGroup;
			children = (
				53CFB75C221E983F00EFD786 /* Classes */,
				53CFB746221E971100EFD786 /* AppDelegate.h */,
				53CFB747221E971100EFD786 /* AppDelegate.m */,
				53CFB768221EE0BB00EFD786 /* DoubanMovie.pch */,
				53CFB74C221E971100EFD786 /* Main.storyboard */,
				53CFB74F221E971300EFD786 /* Assets.xcassets */,
				53CFB751221E971300EFD786 /* LaunchScreen.storyboard */,
				53CFB754221E971300EFD786 /* Info.plist */,
				53CFB755221E971300EFD786 /* main.m */,
			);
			path = DoubanMovie;
			sourceTree = "<group>";
		};
		53CFB75C221E983F00EFD786 /* Classes */ = {
			isa = PBXGroup;
			children = (
				53CFB760221EC1C500EFD786 /* Modules */,
				53CFB75F221EC1C100EFD786 /* Expand */,
			);
			path = Classes;
			sourceTree = "<group>";
		};
		53CFB75F221EC1C100EFD786 /* Expand */ = {
			isa = PBXGroup;
			children = (
				53CFB76D221EE40E00EFD786 /* StaticSettings */,
				53CFB76C221EE3F100EFD786 /* Category */,
			);
			path = Expand;
			sourceTree = "<group>";
		};
		53CFB760221EC1C500EFD786 /* Modules */ = {
			isa = PBXGroup;
			children = (
				53CFB7EE22269D5000EFD786 /* Network */,
				53CFB7A6221FE30E00EFD786 /* Music */,
				53CFB7A2221FCC9F00EFD786 /* Reader */,
				53CFB767221EDF9C00EFD786 /* Base */,
				53CFB766221EC32500EFD786 /* General */,
				53CFB763221EC2C600EFD786 /* Mine */,
				53CFB762221EC2BE00EFD786 /* Search */,
				53CFB761221EC2AC00EFD786 /* InTheaters */,
			);
			path = Modules;
			sourceTree = "<group>";
		};
		53CFB761221EC2AC00EFD786 /* InTheaters */ = {
			isa = PBXGroup;
			children = (
				53CFB7F82227C7CF00EFD786 /* View */,
				53CFB7C922263A5D00EFD786 /* ViewModel */,
				53CFB7B022262C9F00EFD786 /* Model */,
				53CFB796221F8A1F00EFD786 /* LHInTheatersViewControlloer.h */,
				53CFB797221F8A1F00EFD786 /* LHInTheatersViewControlloer.m */,
			);
			path = InTheaters;
			sourceTree = "<group>";
		};
		53CFB762221EC2BE00EFD786 /* Search */ = {
			isa = PBXGroup;
			children = (
				53CFB799221F8A5800EFD786 /* LHMainSearchViewController.h */,
				53CFB79A221F8A5800EFD786 /* LHMainSearchViewController.m */,
			);
			path = Search;
			sourceTree = "<group>";
		};
		53CFB763221EC2C600EFD786 /* Mine */ = {
			isa = PBXGroup;
			children = (
				53CFB79C221F8AA100EFD786 /* LHMineViewController.h */,
				53CFB79D221F8AA100EFD786 /* LHMineViewController.m */,
			);
			path = Mine;
			sourceTree = "<group>";
		};
		53CFB766221EC32500EFD786 /* General */ = {
			isa = PBXGroup;
			children = (
				53CFB7AA221FFAB500EFD786 /* View */,
				53CFB773221EFB0A00EFD786 /* LHNavigationController.h */,
				53CFB774221EFB0A00EFD786 /* LHNavigationController.m */,
				53CFB79F221F90A700EFD786 /* LHTabBarControllerConfig.h */,
				53CFB7A0221F90A700EFD786 /* LHTabBarControllerConfig.m */,
			);
			path = General;
			sourceTree = "<group>";
		};
		53CFB767221EDF9C00EFD786 /* Base */ = {
			isa = PBXGroup;
			children = (
				53CFB80C2229424D00EFD786 /* DBWebViewController.h */,
				53CFB80B2229424D00EFD786 /* DBWebViewController.m */,
				53CFB793221F052B00EFD786 /* LHViewController.h */,
				53CFB794221F052B00EFD786 /* LHViewController.m */,
				53CFB7CA22263AEA00EFD786 /* LHTableViewController.h */,
				53CFB7CB22263AEA00EFD786 /* LHTableViewController.m */,
				53CFB7D0222668A700EFD786 /* LHTableViewCell.h */,
				53CFB7D1222668A700EFD786 /* LHTableViewCell.m */,
				53CFB7CD2226689000EFD786 /* LHView.h */,
				53CFB7CE2226689000EFD786 /* LHView.m */,
				53CFB7D622266F9200EFD786 /* LHViewModel.h */,
				53CFB7D722266F9200EFD786 /* LHViewModel.m */,
				53CFB7D92226720C00EFD786 /* LHModel.h */,
				53CFB7DA2226720C00EFD786 /* LHModel.m */,
			);
			path = Base;
			sourceTree = "<group>";
		};
		53CFB76C221EE3F100EFD786 /* Category */ = {
			isa = PBXGroup;
			children = (
				53CFB7D322266C4600EFD786 /* UITableViewCell+selected.h */,
				53CFB7D422266C4600EFD786 /* UITableViewCell+selected.m */,
				53CFB7F22227740900EFD786 /* NSObject+ViewController.h */,
				53CFB7F32227740900EFD786 /* NSObject+ViewController.m */,
				53CFB778221F024F00EFD786 /* UIImage+JKColor.h */,
				53CFB779221F024F00EFD786 /* UIImage+JKColor.m */,
				53CFB77B221F026D00EFD786 /* UIImage+JKOrientation.h */,
				53CFB77C221F026D00EFD786 /* UIImage+JKOrientation.m */,
				53CFB77F221F029E00EFD786 /* UIImage+JKRemoteSize.h */,
				53CFB77E221F029E00EFD786 /* UIImage+JKRemoteSize.m */,
				53CFB782221F02B600EFD786 /* UIImage+JKBlur.h */,
				53CFB781221F02B600EFD786 /* UIImage+JKBlur.m */,
				53CFB785221F02F100EFD786 /* UIView+JKToast.h */,
				53CFB784221F02F100EFD786 /* UIView+JKToast.m */,
				53CFB787221F03A800EFD786 /* UIButton+JKSubmitting.h */,
				53CFB788221F03A800EFD786 /* UIButton+JKSubmitting.m */,
				53CFB78A221F03E000EFD786 /* NSDate+JKUtilities.h */,
				53CFB78C221F03E100EFD786 /* NSDate+JKUtilities.m */,
				53CFB78B221F03E000EFD786 /* NSDate+JKExtension.h */,
				53CFB78D221F03E100EFD786 /* NSDate+JKExtension.m */,
				53CFB790221F03F200EFD786 /* NSDate+JKLunarCalendar.h */,
				53CFB791221F03F200EFD786 /* NSDate+JKLunarCalendar.m */,
				53CFB7DC2226759A00EFD786 /* NSArray+Log.h */,
				53CFB7DD2226759A00EFD786 /* NSArray+Log.m */,
				53CFB7DF2226765C00EFD786 /* NSDictionary+Log.h */,
				53CFB7E02226765C00EFD786 /* NSDictionary+Log.m */,
			);
			path = Category;
			sourceTree = "<group>";
		};
		53CFB76D221EE40E00EFD786 /* StaticSettings */ = {
			isa = PBXGroup;
			children = (
				53CFB76F221EE43700EFD786 /* StaticSettings.h */,
			);
			path = StaticSettings;
			sourceTree = "<group>";
		};
		53CFB7A2221FCC9F00EFD786 /* Reader */ = {
			isa = PBXGroup;
			children = (
				53CFB7A3221FCCB300EFD786 /* LHReaderViewController.h */,
				53CFB7A4221FCCB300EFD786 /* LHReaderViewController.m */,
			);
			path = Reader;
			sourceTree = "<group>";
		};
		53CFB7A6221FE30E00EFD786 /* Music */ = {
			isa = PBXGroup;
			children = (
				53CFB7A7221FE31C00EFD786 /* LHMusicViewController.h */,
				53CFB7A8221FE31C00EFD786 /* LHMusicViewController.m */,
			);
			path = Music;
			sourceTree = "<group>";
		};
		53CFB7AA221FFAB500EFD786 /* View */ = {
			isa = PBXGroup;
			children = (
				53CFB7AB221FFE1E00EFD786 /* LHReaderPlusBtn.h */,
				53CFB7AC221FFE1E00EFD786 /* LHReaderPlusBtn.m */,
			);
			path = View;
			sourceTree = "<group>";
		};
		53CFB7B022262C9F00EFD786 /* Model */ = {
			isa = PBXGroup;
			children = (
				53CFB7E9222699C500EFD786 /* LHMovieList.h */,
				53CFB7E8222699C500EFD786 /* LHMovieList.m */,
				53CFB7C12226337200EFD786 /* LHSimpleMovie.h */,
				53CFB7C02226337200EFD786 /* LHSimpleMovie.m */,
				53CFB7BD2226324400EFD786 /* LHMovieDetail.h */,
				53CFB7BE2226324400EFD786 /* LHMovieDetail.m */,
				53CFB7C62226348100EFD786 /* LHRating.h */,
				53CFB7C72226348100EFD786 /* LHRating.m */,
			);
			path = Model;
			sourceTree = "<group>";
		};
		53CFB7C922263A5D00EFD786 /* ViewModel */ = {
			isa = PBXGroup;
			children = (
				53CFB7EB22269B3300EFD786 /* LHInTheatersViewModel.h */,
				53CFB7EC22269B3300EFD786 /* LHInTheatersViewModel.m */,
			);
			path = ViewModel;
			sourceTree = "<group>";
		};
		53CFB7EE22269D5000EFD786 /* Network */ = {
			isa = PBXGroup;
			children = (
				53CFB7EF22269F0200EFD786 /* LHNetwork.h */,
				53CFB7F022269F0200EFD786 /* LHNetwork.m */,
			);
			path = Network;
			sourceTree = "<group>";
		};
		53CFB7F82227C7CF00EFD786 /* View */ = {
			isa = PBXGroup;
			children = (
				53CFB8052229176C00EFD786 /* HMSegmentedControl.h */,
				53CFB8062229176C00EFD786 /* HMSegmentedControl.m */,
				53CFB7F52227C7C900EFD786 /* LHInTheatersCell.h */,
				53CFB7F62227C7C900EFD786 /* LHInTheatersCell.m */,
				53CFB7F92227C7F600EFD786 /* LHComingSoonCell.h */,
				53CFB7FA2227C7F600EFD786 /* LHComingSoonCell.m */,
			);
			path = View;
			sourceTree = "<group>";
		};
		AF62BC7F841FFB5BF517EE89 /* Pods */ = {
			isa = PBXGroup;
			children = (
				330BB965ABD1567CDC761C8A /* Pods-DoubanMovie.debug.xcconfig */,
				8F936933B00D8E87310338CD /* Pods-DoubanMovie.release.xcconfig */,
			);
			name = Pods;
			sourceTree = "<group>";
		};
/* End PBXGroup section */

/* Begin PBXNativeTarget section */
		53CFB742221E971100EFD786 /* DoubanMovie */ = {
			isa = PBXNativeTarget;
			buildConfigurationList = 53CFB759221E971300EFD786 /* Build configuration list for PBXNativeTarget "DoubanMovie" */;
			buildPhases = (
				FB72AD33D31DE2B1D45563A2 /* [CP] Check Pods Manifest.lock */,
				53CFB73F221E971100EFD786 /* Sources */,
				53CFB740221E971100EFD786 /* Frameworks */,
				53CFB741221E971100EFD786 /* Resources */,
				2EBD2FE265FE45458B0BE527 /* [CP] Copy Pods Resources */,
			);
			buildRules = (
			);
			dependencies = (
			);
			name = DoubanMovie;
			productName = DoubanMovie;
			productReference = 53CFB743221E971100EFD786 /* DoubanMovie.app */;
			productType = "com.apple.product-type.application";
		};
/* End PBXNativeTarget section */

/* Begin PBXProject section */
		53CFB73B221E971100EFD786 /* Project object */ = {
			isa = PBXProject;
			attributes = {
				CLASSPREFIX = LH;
				LastUpgradeCheck = 1010;
				ORGANIZATIONNAME = iDog;
				TargetAttributes = {
					53CFB742221E971100EFD786 = {
						CreatedOnToolsVersion = 10.1;
					};
				};
			};
			buildConfigurationList = 53CFB73E221E971100EFD786 /* Build configuration list for PBXProject "DoubanMovie" */;
			compatibilityVersion = "Xcode 9.3";
			developmentRegion = en;
			hasScannedForEncodings = 0;
			knownRegions = (
				en,
				Base,
			);
			mainGroup = 53CFB73A221E971100EFD786;
			productRefGroup = 53CFB744221E971100EFD786 /* Products */;
			projectDirPath = "";
			projectRoot = "";
			targets = (
				53CFB742221E971100EFD786 /* DoubanMovie */,
			);
		};
/* End PBXProject section */

/* Begin PBXResourcesBuildPhase section */
		53CFB741221E971100EFD786 /* Resources */ = {
			isa = PBXResourcesBuildPhase;
			buildActionMask = 2147483647;
			files = (
				53CFB753221E971300EFD786 /* LaunchScreen.storyboard in Resources */,
				53CFB750221E971300EFD786 /* Assets.xcassets in Resources */,
				53CFB74E221E971100EFD786 /* Main.storyboard in Resources */,
			);
			runOnlyForDeploymentPostprocessing = 0;
		};
/* End PBXResourcesBuildPhase section */

/* Begin PBXShellScriptBuildPhase section */
		2EBD2FE265FE45458B0BE527 /* [CP] Copy Pods Resources */ = {
			isa = PBXShellScriptBuildPhase;
			buildActionMask = 2147483647;
			files = (
			);
			inputPaths = (
				"${SRCROOT}/Pods/Target Support Files/Pods-DoubanMovie/Pods-DoubanMovie-resources.sh",
				"${PODS_ROOT}/IQKeyboardManager/IQKeyboardManager/Resources/IQKeyboardManager.bundle",
				"${PODS_ROOT}/MJRefresh/MJRefresh/MJRefresh.bundle",
				"${PODS_ROOT}/PYSearch/PYSearch/PYSearch.bundle",
				"${PODS_ROOT}/SVProgressHUD/SVProgressHUD/SVProgressHUD.bundle",
			);
			name = "[CP] Copy Pods Resources";
			outputPaths = (
				"${TARGET_BUILD_DIR}/${UNLOCALIZED_RESOURCES_FOLDER_PATH}/IQKeyboardManager.bundle",
				"${TARGET_BUILD_DIR}/${UNLOCALIZED_RESOURCES_FOLDER_PATH}/MJRefresh.bundle",
				"${TARGET_BUILD_DIR}/${UNLOCALIZED_RESOURCES_FOLDER_PATH}/PYSearch.bundle",
				"${TARGET_BUILD_DIR}/${UNLOCALIZED_RESOURCES_FOLDER_PATH}/SVProgressHUD.bundle",
			);
			runOnlyForDeploymentPostprocessing = 0;
			shellPath = /bin/sh;
			shellScript = "\"${SRCROOT}/Pods/Target Support Files/Pods-DoubanMovie/Pods-DoubanMovie-resources.sh\"\n";
			showEnvVarsInLog = 0;
		};
		FB72AD33D31DE2B1D45563A2 /* [CP] Check Pods Manifest.lock */ = {
			isa = PBXShellScriptBuildPhase;
			buildActionMask = 2147483647;
			files = (
			);
			inputPaths = (
				"${PODS_PODFILE_DIR_PATH}/Podfile.lock",
				"${PODS_ROOT}/Manifest.lock",
			);
			name = "[CP] Check Pods Manifest.lock";
			outputPaths = (
				"$(DERIVED_FILE_DIR)/Pods-DoubanMovie-checkManifestLockResult.txt",
			);
			runOnlyForDeploymentPostprocessing = 0;
			shellPath = /bin/sh;
			shellScript = "diff \"${PODS_PODFILE_DIR_PATH}/Podfile.lock\" \"${PODS_ROOT}/Manifest.lock\" > /dev/null\nif [ $? != 0 ] ; then\n    # print error to STDERR\n    echo \"error: The sandbox is not in sync with the Podfile.lock. Run 'pod install' or update your CocoaPods installation.\" >&2\n    exit 1\nfi\n# This output is used by Xcode 'outputs' to avoid re-running this script phase.\necho \"SUCCESS\" > \"${SCRIPT_OUTPUT_FILE_0}\"\n";
			showEnvVarsInLog = 0;
		};
/* End PBXShellScriptBuildPhase section */

/* Begin PBXSourcesBuildPhase section */
		53CFB73F221E971100EFD786 /* Sources */ = {
			isa = PBXSourcesBuildPhase;
			buildActionMask = 2147483647;
			files = (
				53CFB798221F8A1F00EFD786 /* LHInTheatersViewControlloer.m in Sources */,
				53CFB7DB2226720C00EFD786 /* LHModel.m in Sources */,
				53CFB7BF2226324400EFD786 /* LHMovieDetail.m in Sources */,
				53CFB80D2229424D00EFD786 /* DBWebViewController.m in Sources */,
				53CFB7EA222699C500EFD786 /* LHMovieList.m in Sources */,
				53CFB786221F02F100EFD786 /* UIView+JKToast.m in Sources */,
				53CFB7A9221FE31C00EFD786 /* LHMusicViewController.m in Sources */,
				53CFB7CF2226689000EFD786 /* LHView.m in Sources */,
				53CFB795221F052B00EFD786 /* LHViewController.m in Sources */,
				53CFB78E221F03E100EFD786 /* NSDate+JKUtilities.m in Sources */,
				53CFB8072229176C00EFD786 /* HMSegmentedControl.m in Sources */,
				53CFB780221F029F00EFD786 /* UIImage+JKRemoteSize.m in Sources */,
				53CFB7A5221FCCB400EFD786 /* LHReaderViewController.m in Sources */,
				53CFB7D822266F9200EFD786 /* LHViewModel.m in Sources */,
				53CFB7A1221F90A700EFD786 /* LHTabBarControllerConfig.m in Sources */,
				53CFB7F72227C7C900EFD786 /* LHInTheatersCell.m in Sources */,
				53CFB7D522266C4700EFD786 /* UITableViewCell+selected.m in Sources */,
				53CFB7C22226337200EFD786 /* LHSimpleMovie.m in Sources */,
				53CFB792221F03F200EFD786 /* NSDate+JKLunarCalendar.m in Sources */,
				53CFB77D221F026D00EFD786 /* UIImage+JKOrientation.m in Sources */,
				53CFB775221EFB0A00EFD786 /* LHNavigationController.m in Sources */,
				53CFB7E12226765C00EFD786 /* NSDictionary+Log.m in Sources */,
				53CFB7ED22269B3300EFD786 /* LHInTheatersViewModel.m in Sources */,
				53CFB756221E971300EFD786 /* main.m in Sources */,
				53CFB783221F02B600EFD786 /* UIImage+JKBlur.m in Sources */,
				53CFB79E221F8AA100EFD786 /* LHMineViewController.m in Sources */,
				53CFB789221F03A800EFD786 /* UIButton+JKSubmitting.m in Sources */,
				53CFB7CC22263AEA00EFD786 /* LHTableViewController.m in Sources */,
				53CFB7F42227740900EFD786 /* NSObject+ViewController.m in Sources */,
				53CFB7F122269F0200EFD786 /* LHNetwork.m in Sources */,
				53CFB748221E971100EFD786 /* AppDelegate.m in Sources */,
				53CFB78F221F03E100EFD786 /* NSDate+JKExtension.m in Sources */,
				53CFB77A221F024F00EFD786 /* UIImage+JKColor.m in Sources */,
				53CFB7AD221FFE1E00EFD786 /* LHReaderPlusBtn.m in Sources */,
				53CFB79B221F8A5800EFD786 /* LHMainSearchViewController.m in Sources */,
				53CFB7C82226348100EFD786 /* LHRating.m in Sources */,
				53CFB7FB2227C7F600EFD786 /* LHComingSoonCell.m in Sources */,
				53CFB7D2222668A700EFD786 /* LHTableViewCell.m in Sources */,
				53CFB7DE2226759A00EFD786 /* NSArray+Log.m in Sources */,
			);
			runOnlyForDeploymentPostprocessing = 0;
		};
/* End PBXSourcesBuildPhase section */

/* Begin PBXVariantGroup section */
		53CFB74C221E971100EFD786 /* Main.storyboard */ = {
			isa = PBXVariantGroup;
			children = (
				53CFB74D221E971100EFD786 /* Base */,
			);
			name = Main.storyboard;
			sourceTree = "<group>";
		};
		53CFB751221E971300EFD786 /* LaunchScreen.storyboard */ = {
			isa = PBXVariantGroup;
			children = (
				53CFB752221E971300EFD786 /* Base */,
			);
			name = LaunchScreen.storyboard;
			sourceTree = "<group>";
		};
/* End PBXVariantGroup section */

/* Begin XCBuildConfiguration section */
		53CFB757221E971300EFD786 /* Debug */ = {
			isa = XCBuildConfiguration;
			buildSettings = {
				ALWAYS_SEARCH_USER_PATHS = NO;
				CLANG_ANALYZER_NONNULL = YES;
				CLANG_ANALYZER_NUMBER_OBJECT_CONVERSION = YES_AGGRESSIVE;
				CLANG_CXX_LANGUAGE_STANDARD = "gnu++14";
				CLANG_CXX_LIBRARY = "libc++";
				CLANG_ENABLE_MODULES = YES;
				CLANG_ENABLE_OBJC_ARC = YES;
				CLANG_ENABLE_OBJC_WEAK = YES;
				CLANG_WARN_BLOCK_CAPTURE_AUTORELEASING = YES;
				CLANG_WARN_BOOL_CONVERSION = YES;
				CLANG_WARN_COMMA = YES;
				CLANG_WARN_CONSTANT_CONVERSION = YES;
				CLANG_WARN_DEPRECATED_OBJC_IMPLEMENTATIONS = YES;
				CLANG_WARN_DIRECT_OBJC_ISA_USAGE = YES_ERROR;
				CLANG_WARN_DOCUMENTATION_COMMENTS = YES;
				CLANG_WARN_EMPTY_BODY = YES;
				CLANG_WARN_ENUM_CONVERSION = YES;
				CLANG_WARN_INFINITE_RECURSION = YES;
				CLANG_WARN_INT_CONVERSION = YES;
				CLANG_WARN_NON_LITERAL_NULL_CONVERSION = YES;
				CLANG_WARN_OBJC_IMPLICIT_RETAIN_SELF = YES;
				CLANG_WARN_OBJC_LITERAL_CONVERSION = YES;
				CLANG_WARN_OBJC_ROOT_CLASS = YES_ERROR;
				CLANG_WARN_RANGE_LOOP_ANALYSIS = YES;
				CLANG_WARN_STRICT_PROTOTYPES = YES;
				CLANG_WARN_SUSPICIOUS_MOVE = YES;
				CLANG_WARN_UNGUARDED_AVAILABILITY = YES_AGGRESSIVE;
				CLANG_WARN_UNREACHABLE_CODE = YES;
				CLANG_WARN__DUPLICATE_METHOD_MATCH = YES;
				CODE_SIGN_IDENTITY = "iPhone Developer";
				COPY_PHASE_STRIP = NO;
				DEBUG_INFORMATION_FORMAT = dwarf;
				ENABLE_STRICT_OBJC_MSGSEND = YES;
				ENABLE_TESTABILITY = YES;
				GCC_C_LANGUAGE_STANDARD = gnu11;
				GCC_DYNAMIC_NO_PIC = NO;
				GCC_NO_COMMON_BLOCKS = YES;
				GCC_OPTIMIZATION_LEVEL = 0;
				GCC_PREPROCESSOR_DEFINITIONS = (
					"DEBUG=1",
					"$(inherited)",
				);
				GCC_WARN_64_TO_32_BIT_CONVERSION = YES;
				GCC_WARN_ABOUT_RETURN_TYPE = YES_ERROR;
				GCC_WARN_UNDECLARED_SELECTOR = YES;
				GCC_WARN_UNINITIALIZED_AUTOS = YES_AGGRESSIVE;
				GCC_WARN_UNUSED_FUNCTION = YES;
				GCC_WARN_UNUSED_VARIABLE = YES;
				IPHONEOS_DEPLOYMENT_TARGET = 12.1;
				MTL_ENABLE_DEBUG_INFO = INCLUDE_SOURCE;
				MTL_FAST_MATH = YES;
				ONLY_ACTIVE_ARCH = YES;
				SDKROOT = iphoneos;
			};
			name = Debug;
		};
		53CFB758221E971300EFD786 /* Release */ = {
			isa = XCBuildConfiguration;
			buildSettings = {
				ALWAYS_SEARCH_USER_PATHS = NO;
				CLANG_ANALYZER_NONNULL = YES;
				CLANG_ANALYZER_NUMBER_OBJECT_CONVERSION = YES_AGGRESSIVE;
				CLANG_CXX_LANGUAGE_STANDARD = "gnu++14";
				CLANG_CXX_LIBRARY = "libc++";
				CLANG_ENABLE_MODULES = YES;
				CLANG_ENABLE_OBJC_ARC = YES;
				CLANG_ENABLE_OBJC_WEAK = YES;
				CLANG_WARN_BLOCK_CAPTURE_AUTORELEASING = YES;
				CLANG_WARN_BOOL_CONVERSION = YES;
				CLANG_WARN_COMMA = YES;
				CLANG_WARN_CONSTANT_CONVERSION = YES;
				CLANG_WARN_DEPRECATED_OBJC_IMPLEMENTATIONS = YES;
				CLANG_WARN_DIRECT_OBJC_ISA_USAGE = YES_ERROR;
				CLANG_WARN_DOCUMENTATION_COMMENTS = YES;
				CLANG_WARN_EMPTY_BODY = YES;
				CLANG_WARN_ENUM_CONVERSION = YES;
				CLANG_WARN_INFINITE_RECURSION = YES;
				CLANG_WARN_INT_CONVERSION = YES;
				CLANG_WARN_NON_LITERAL_NULL_CONVERSION = YES;
				CLANG_WARN_OBJC_IMPLICIT_RETAIN_SELF = YES;
				CLANG_WARN_OBJC_LITERAL_CONVERSION = YES;
				CLANG_WARN_OBJC_ROOT_CLASS = YES_ERROR;
				CLANG_WARN_RANGE_LOOP_ANALYSIS = YES;
				CLANG_WARN_STRICT_PROTOTYPES = YES;
				CLANG_WARN_SUSPICIOUS_MOVE = YES;
				CLANG_WARN_UNGUARDED_AVAILABILITY = YES_AGGRESSIVE;
				CLANG_WARN_UNREACHABLE_CODE = YES;
				CLANG_WARN__DUPLICATE_METHOD_MATCH = YES;
				CODE_SIGN_IDENTITY = "iPhone Developer";
				COPY_PHASE_STRIP = NO;
				DEBUG_INFORMATION_FORMAT = "dwarf-with-dsym";
				ENABLE_NS_ASSERTIONS = NO;
				ENABLE_STRICT_OBJC_MSGSEND = YES;
				GCC_C_LANGUAGE_STANDARD = gnu11;
				GCC_NO_COMMON_BLOCKS = YES;
				GCC_WARN_64_TO_32_BIT_CONVERSION = YES;
				GCC_WARN_ABOUT_RETURN_TYPE = YES_ERROR;
				GCC_WARN_UNDECLARED_SELECTOR = YES;
				GCC_WARN_UNINITIALIZED_AUTOS = YES_AGGRESSIVE;
				GCC_WARN_UNUSED_FUNCTION = YES;
				GCC_WARN_UNUSED_VARIABLE = YES;
				IPHONEOS_DEPLOYMENT_TARGET = 12.1;
				MTL_ENABLE_DEBUG_INFO = NO;
				MTL_FAST_MATH = YES;
				SDKROOT = iphoneos;
				VALIDATE_PRODUCT = YES;
			};
			name = Release;
		};
		53CFB75A221E971300EFD786 /* Debug */ = {
			isa = XCBuildConfiguration;
			baseConfigurationReference = 330BB965ABD1567CDC761C8A /* Pods-DoubanMovie.debug.xcconfig */;
			buildSettings = {
				ASSETCATALOG_COMPILER_APPICON_NAME = AppIcon;
				CLANG_WARN_OBJC_IMPLICIT_RETAIN_SELF = NO;
				CODE_SIGN_STYLE = Automatic;
				DEVELOPMENT_TEAM = NLHK86ZFY6;
				GCC_PRECOMPILE_PREFIX_HEADER = YES;
				GCC_PREFIX_HEADER = "$(SRCROOT)/DoubanMovie/DoubanMovie.pch";
				INFOPLIST_FILE = DoubanMovie/Info.plist;
				IPHONEOS_DEPLOYMENT_TARGET = 9.0;
				LD_RUNPATH_SEARCH_PATHS = (
					"$(inherited)",
					"@executable_path/Frameworks",
				);
				PRODUCT_BUNDLE_IDENTIFIER = iDog.DoubanMovie;
				PRODUCT_NAME = "$(TARGET_NAME)";
				TARGETED_DEVICE_FAMILY = 1;
			};
			name = Debug;
		};
		53CFB75B221E971300EFD786 /* Release */ = {
			isa = XCBuildConfiguration;
			baseConfigurationReference = 8F936933B00D8E87310338CD /* Pods-DoubanMovie.release.xcconfig */;
			buildSettings = {
				ASSETCATALOG_COMPILER_APPICON_NAME = AppIcon;
				CLANG_WARN_OBJC_IMPLICIT_RETAIN_SELF = NO;
				CODE_SIGN_STYLE = Automatic;
				DEVELOPMENT_TEAM = NLHK86ZFY6;
				GCC_PRECOMPILE_PREFIX_HEADER = YES;
				GCC_PREFIX_HEADER = "$(SRCROOT)/DoubanMovie/DoubanMovie.pch";
				INFOPLIST_FILE = DoubanMovie/Info.plist;
				IPHONEOS_DEPLOYMENT_TARGET = 9.0;
				LD_RUNPATH_SEARCH_PATHS = (
					"$(inherited)",
					"@executable_path/Frameworks",
				);
				PRODUCT_BUNDLE_IDENTIFIER = iDog.DoubanMovie;
				PRODUCT_NAME = "$(TARGET_NAME)";
				TARGETED_DEVICE_FAMILY = 1;
			};
			name = Release;
		};
/* End XCBuildConfiguration section */

/* Begin XCConfigurationList section */
		53CFB73E221E971100EFD786 /* Build configuration list for PBXProject "DoubanMovie" */ = {
			isa = XCConfigurationList;
			buildConfigurations = (
				53CFB757221E971300EFD786 /* Debug */,
				53CFB758221E971300EFD786 /* Release */,
			);
			defaultConfigurationIsVisible = 0;
			defaultConfigurationName = Release;
		};
		53CFB759221E971300EFD786 /* Build configuration list for PBXNativeTarget "DoubanMovie" */ = {
			isa = XCConfigurationList;
			buildConfigurations = (
				53CFB75A221E971300EFD786 /* Debug */,
				53CFB75B221E971300EFD786 /* Release */,
			);
			defaultConfigurationIsVisible = 0;
			defaultConfigurationName = Release;
		};
/* End XCConfigurationList section */
	};
	rootObject = 53CFB73B221E971100EFD786 /* Project object */;
}
